
Microsoft Visual Studio Solution File, Format Version 12.00
# Visual Studio 15
VisualStudioVersion = 15.0.26730.10
MinimumVisualStudioVersion = 10.0.40219.1
Project("{FAE04EC0-301F-11D3-BF4B-00C04F79EFBC}") = "TcpServerForWebCalc", "TcpServerForWebCalc\TcpServerForWebCalc.csproj", "{BFF75E4A-8B58-4FE1-B1E9-BF622F14EDBE}"
EndProject
Global
	GlobalSection(SolutionConfigurationPlatforms) = preSolution
		Debug|Any CPU = Debug|Any CPU
		Release|Any CPU = Release|Any CPU
	EndGlobalSection
	GlobalSection(ProjectConfigurationPlatforms) = postSolution
		{BFF75E4A-8B58-4FE1-B1E9-BF622F14EDBE}.Debug|Any CPU.ActiveCfg = Debug|Any CPU
		{BFF75E4A-8B58-4FE1-B1E9-BF622F14EDBE}.Debug|Any CPU.Build.0 = Debug|Any CPU
		{BFF75E4A-8B58-4FE1-B1E9-BF622F14EDBE}.Release|Any CPU.ActiveCfg = Release|Any CPU
		{BFF75E4A-8B58-4FE1-B1E9-BF622F14EDBE}.Release|Any CPU.Build.0 = Release|Any CPU
	EndGlobalSection
	GlobalSection(SolutionProperties) = preSolution
		HideSolutionNode = FALSE
	EndGlobalSection
	GlobalSection(ExtensibilityGlobals) = postSolution
		SolutionGuid = {C1AAF562-B09F-4BC9-8B03-CD32575156A0}
	EndGlobalSection
EndGlobal
